
Microsoft Visual Studio Solution File, Format Version 12.00
# Visual Studio Version 16
VisualStudioVersion = 16.0.29728.190
MinimumVisualStudioVersion = 10.0.40219.1
Project("{FAE04EC0-301F-11D3-BF4B-00C04F79EFBC}") = "Assignment2_tiktok", "Assignment2_tiktok.csproj", "{FAFC276D-FF06-4F6F-885A-1BB5141058C5}"
EndProject
Global
	GlobalSection(SolutionConfigurationPlatforms) = preSolution
		Debug|Any CPU = Debug|Any CPU
		Release|Any CPU = Release|Any CPU
	EndGlobalSection
	GlobalSection(ProjectConfigurationPlatforms) = postSolution
		{FAFC276D-FF06-4F6F-885A-1BB5141058C5}.Debug|Any CPU.ActiveCfg = Debug|Any CPU
		{FAFC276D-FF06-4F6F-885A-1BB5141058C5}.Debug|Any CPU.Build.0 = Debug|Any CPU
		{FAFC276D-FF06-4F6F-885A-1BB5141058C5}.Release|Any CPU.ActiveCfg = Release|Any CPU
		{FAFC276D-FF06-4F6F-885A-1BB5141058C5}.Release|Any CPU.Build.0 = Release|Any CPU
	EndGlobalSection
	GlobalSection(SolutionProperties) = preSolution
		HideSolutionNode = FALSE
	EndGlobalSection
	GlobalSection(ExtensibilityGlobals) = postSolution
		SolutionGuid = {C6A1EC52-D8AB-4326-A36A-971388BBA1AC}
	EndGlobalSection
EndGlobal
